github.com/AboloreDev/GoFarm v0.0.0-20251109161432-0e773c7f2de2 h1:H2ipL/+TFR50m0wrh7udAU//5WpVwfOzWu6WR4V9q68=
github.com/AboloreDev/GoFarm v0.0.0-20251109161432-0e773c7f2de2/go.mod h1:va2pf6j0XWSc2zV5Z3UJwKPK4jCH7es2XEQcEkSRLH0=
github.com/AboloreDev/GoFarm v0.0.0-20251109163448-d468af91527e h1:SCH0TvQyLYTlMn/Vzur9pD4URiBiOkJKXx9XBMFXHIk=
github.com/AboloreDev/GoFarm v0.0.0-20251109163448-d468af91527e/go.mod h1:va2pf6j0XWSc2zV5Z3UJwKPK4jCH7es2XEQcEkSRLH0=
